%{"ets_owner": {:hex, :ets_owner, "1.0.0", "f8408c609c29cb6925c2f71bac07f3e35352786b2c6824ad545f8133a4f3762d", [:mix], []},
  "ex2ms": {:hex, :ex2ms, "1.4.0", "e43b410888b45ba363ea6650db3736db3e455a0a412ec244ac633fede857bcb2", [:mix], []},
  "shorter_maps": {:hex, :shorter_maps, "1.0.0", "2968f9a792086c98938a73b8d6c89790c9b2afe9f7d1d90186de63c5f2bf669e", [:mix], []}}
