%{"ets_owner": {:hex, :ets_owner, "1.0.0", "f8408c609c29cb6925c2f71bac07f3e35352786b2c6824ad545f8133a4f3762d", [:mix], []},
  "ex2ms": {:hex, :ex2ms, "1.4.0", "e43b410888b45ba363ea6650db3736db3e455a0a412ec244ac633fede857bcb2", [:mix], []},
  "shorter_maps": {:git, "https://github.com/meyercm/shorter_maps.git", "99af87e7f0f7adf646f96944ffdeb1f5a3ace980", []}}
